// !$*UTF8*$!
{
	archiveVersion = 1;
	classes = {
	};
	objectVersion = 46;
	objects = {

/* Begin PBXBuildFile section */
		204C8EE41AFC1136003A7DDC /* curry.framework in Frameworks */ = {isa = PBXBuildFile; fileRef = 204C8EDD1AFC111B003A7DDC /* curry.framework */; };
		204C8EE51AFC1136003A7DDC /* curry.framework in Embed Frameworks */ = {isa = PBXBuildFile; fileRef = 204C8EDD1AFC111B003A7DDC /* curry.framework */; settings = {ATTRIBUTES = (CodeSignOnCopy, RemoveHeadersOnCopy, ); }; };
		204C8EED1AFC1144003A7DDC /* pop.framework in Frameworks */ = {isa = PBXBuildFile; fileRef = 204C8ED21AFC1117003A7DDC /* pop.framework */; };
		204C8EEE1AFC1144003A7DDC /* pop.framework in Embed Frameworks */ = {isa = PBXBuildFile; fileRef = 204C8ED21AFC1117003A7DDC /* pop.framework */; settings = {ATTRIBUTES = (CodeSignOnCopy, RemoveHeadersOnCopy, ); }; };
		204C8EF11AFC1144003A7DDC /* curryfire.framework in Frameworks */ = {isa = PBXBuildFile; fileRef = 204C8EC01AFC10E1003A7DDC /* curryfire.framework */; };
		204C8EF21AFC1144003A7DDC /* curryfire.framework in Embed Frameworks */ = {isa = PBXBuildFile; fileRef = 204C8EC01AFC10E1003A7DDC /* curryfire.framework */; settings = {ATTRIBUTES = (CodeSignOnCopy, RemoveHeadersOnCopy, ); }; };
		20A6AA911A82BA0F00D0E80B /* CoreGraphics.framework in Frameworks */ = {isa = PBXBuildFile; fileRef = 20A6AA901A82BA0F00D0E80B /* CoreGraphics.framework */; };
		20A6AA931A82BA1400D0E80B /* Security.framework in Frameworks */ = {isa = PBXBuildFile; fileRef = 20A6AA921A82BA1400D0E80B /* Security.framework */; };
		20A6AA951A82BA1B00D0E80B /* SystemConfiguration.framework in Frameworks */ = {isa = PBXBuildFile; fileRef = 20A6AA941A82BA1B00D0E80B /* SystemConfiguration.framework */; };
		20A6AA971A82BA2100D0E80B /* QuickLook.framework in Frameworks */ = {isa = PBXBuildFile; fileRef = 20A6AA961A82BA2100D0E80B /* QuickLook.framework */; };
		20A6AA9B1A82BA2B00D0E80B /* CoreText.framework in Frameworks */ = {isa = PBXBuildFile; fileRef = 20A6AA9A1A82BA2B00D0E80B /* CoreText.framework */; };
		20A6AA9D1A82BA3500D0E80B /* QuartzCore.framework in Frameworks */ = {isa = PBXBuildFile; fileRef = 20A6AA9C1A82BA3500D0E80B /* QuartzCore.framework */; };
		20A6AAA01A82BA4700D0E80B /* Foundation.framework in Frameworks */ = {isa = PBXBuildFile; fileRef = 20A6AA9F1A82BA4700D0E80B /* Foundation.framework */; };
		20A6AAA21A82BA4D00D0E80B /* UIKit.framework in Frameworks */ = {isa = PBXBuildFile; fileRef = 20A6AAA11A82BA4D00D0E80B /* UIKit.framework */; };
		20CCB6EE1A82B3D700728BA2 /* AppDelegate.swift in Sources */ = {isa = PBXBuildFile; fileRef = 20CCB6E91A82B3D700728BA2 /* AppDelegate.swift */; };
		20CCB6EF1A82B3D700728BA2 /* Images.xcassets in Resources */ = {isa = PBXBuildFile; fileRef = 20CCB6EB1A82B3D700728BA2 /* Images.xcassets */; };
		20CCB6F11A82B3D700728BA2 /* ViewController.swift in Sources */ = {isa = PBXBuildFile; fileRef = 20CCB6ED1A82B3D700728BA2 /* ViewController.swift */; };
		20CCB7021A82B71D00728BA2 /* AViewController.m in Sources */ = {isa = PBXBuildFile; fileRef = 20CCB7011A82B71D00728BA2 /* AViewController.m */; };
/* End PBXBuildFile section */

/* Begin PBXContainerItemProxy section */
		203CEE171C0371FD00DAC065 /* PBXContainerItemProxy */ = {
			isa = PBXContainerItemProxy;
			containerPortal = 204C8ED71AFC111B003A7DDC /* curry.xcodeproj */;
			proxyType = 2;
			remoteGlobalIDString = 20CEA42B1BA1105D0009D60C;
			remoteInfo = curryTV;
		};
		203CEE191C0371FD00DAC065 /* PBXContainerItemProxy */ = {
			isa = PBXContainerItemProxy;
			containerPortal = 204C8ED71AFC111B003A7DDC /* curry.xcodeproj */;
			proxyType = 2;
			remoteGlobalIDString = 2010DCB01BB0E40E00810A98;
			remoteInfo = curryWatch;
		};
		203CEE1B1C0371FD00DAC065 /* PBXContainerItemProxy */ = {
			isa = PBXContainerItemProxy;
			containerPortal = 204C8ED71AFC111B003A7DDC /* curry.xcodeproj */;
			proxyType = 2;
			remoteGlobalIDString = 20B5FE1F1BB3613F00C0F848;
			remoteInfo = curryMac;
		};
		203CEE241C0371FD00DAC065 /* PBXContainerItemProxy */ = {
			isa = PBXContainerItemProxy;
			containerPortal = 204C8EC41AFC1117003A7DDC /* pop.xcodeproj */;
			proxyType = 2;
			remoteGlobalIDString = 0755AE4F1BEA15950094AB41;
			remoteInfo = "pop-tvos-framework";
		};
		203CEE261C0371FD00DAC065 /* PBXContainerItemProxy */ = {
			isa = PBXContainerItemProxy;
			containerPortal = 204C8EC41AFC1117003A7DDC /* pop.xcodeproj */;
			proxyType = 2;
			remoteGlobalIDString = 0755AE8C1BEA19580094AB41;
			remoteInfo = "pop-tests-tvos";
		};
		204C8EBF1AFC10E1003A7DDC /* PBXContainerItemProxy */ = {
			isa = PBXContainerItemProxy;
			containerPortal = 204C8EB91AFC10E1003A7DDC /* curryfire.xcodeproj */;
			proxyType = 2;
			remoteGlobalIDString = 2069BB601AE095CA00F6D355;
			remoteInfo = curryfire;
		};
		204C8ECD1AFC1117003A7DDC /* PBXContainerItemProxy */ = {
			isa = PBXContainerItemProxy;
			containerPortal = 204C8EC41AFC1117003A7DDC /* pop.xcodeproj */;
			proxyType = 2;
			remoteGlobalIDString = EC191218162FB53A00E0CC76;
			remoteInfo = pop;
		};
		204C8ECF1AFC1117003A7DDC /* PBXContainerItemProxy */ = {
			isa = PBXContainerItemProxy;
			containerPortal = 204C8EC41AFC1117003A7DDC /* pop.xcodeproj */;
			proxyType = 2;
			remoteGlobalIDString = EC68857F18C7B60000C6194C;
			remoteInfo = "pop-osx";
		};
		204C8ED11AFC1117003A7DDC /* PBXContainerItemProxy */ = {
			isa = PBXContainerItemProxy;
			containerPortal = 204C8EC41AFC1117003A7DDC /* pop.xcodeproj */;
			proxyType = 2;
			remoteGlobalIDString = 0B6BE74819FFD3B900762101;
			remoteInfo = "pop-embedded";
		};
		204C8ED31AFC1117003A7DDC /* PBXContainerItemProxy */ = {
			isa = PBXContainerItemProxy;
			containerPortal = 204C8EC41AFC1117003A7DDC /* pop.xcodeproj */;
			proxyType = 2;
			remoteGlobalIDString = ECF01ED318C92B7F009E0AD1;
			remoteInfo = "pop-tests";
		};
		204C8ED51AFC1117003A7DDC /* PBXContainerItemProxy */ = {
			isa = PBXContainerItemProxy;
			containerPortal = 204C8EC41AFC1117003A7DDC /* pop.xcodeproj */;
			proxyType = 2;
			remoteGlobalIDString = EC7E319918C93D6500B38170;
			remoteInfo = "pop-tests-osx";
		};
		204C8EDC1AFC111B003A7DDC /* PBXContainerItemProxy */ = {
			isa = PBXContainerItemProxy;
			containerPortal = 204C8ED71AFC111B003A7DDC /* curry.xcodeproj */;
			proxyType = 2;
			remoteGlobalIDString = 200B62551AD7FB460049E35C;
			remoteInfo = curry;
		};
		204C8EDE1AFC111B003A7DDC /* PBXContainerItemProxy */ = {
			isa = PBXContainerItemProxy;
			containerPortal = 204C8ED71AFC111B003A7DDC /* curry.xcodeproj */;
			proxyType = 2;
			remoteGlobalIDString = 200B62601AD7FB460049E35C;
			remoteInfo = curryTests;
		};
		204C8EE61AFC1136003A7DDC /* PBXContainerItemProxy */ = {
			isa = PBXContainerItemProxy;
			containerPortal = 204C8ED71AFC111B003A7DDC /* curry.xcodeproj */;
			proxyType = 1;
			remoteGlobalIDString = 200B62541AD7FB450049E35C;
			remoteInfo = curry;
		};
		204C8EEF1AFC1144003A7DDC /* PBXContainerItemProxy */ = {
			isa = PBXContainerItemProxy;
			containerPortal = 204C8EC41AFC1117003A7DDC /* pop.xcodeproj */;
			proxyType = 1;
			remoteGlobalIDString = 0B6BE74719FFD3B900762101;
			remoteInfo = "pop-embedded";
		};
		204C8EF31AFC1144003A7DDC /* PBXContainerItemProxy */ = {
			isa = PBXContainerItemProxy;
			containerPortal = 204C8EB91AFC10E1003A7DDC /* curryfire.xcodeproj */;
			proxyType = 1;
			remoteGlobalIDString = 2069BB5F1AE095CA00F6D355;
			remoteInfo = curryfire;
		};
		20D3153720E3DA12001DACD8 /* PBXContainerItemProxy */ = {
			isa = PBXContainerItemProxy;
			containerPortal = 204C8EB91AFC10E1003A7DDC /* curryfire.xcodeproj */;
			proxyType = 2;
			remoteGlobalIDString = 2038C3FA1DF28B4700F760F9;
			remoteInfo = curryfireTV;
		};
/* End PBXContainerItemProxy section */

/* Begin PBXCopyFilesBuildPhase section */
		204C8EE81AFC1136003A7DDC /* Embed Frameworks */ = {
			isa = PBXCopyFilesBuildPhase;
			buildActionMask = 2147483647;
			dstPath = "";
			dstSubfolderSpec = 10;
			files = (
				204C8EEE1AFC1144003A7DDC /* pop.framework in Embed Frameworks */,
				204C8EF21AFC1144003A7DDC /* curryfire.framework in Embed Frameworks */,
				204C8EE51AFC1136003A7DDC /* curry.framework in Embed Frameworks */,
			);
			name = "Embed Frameworks";
			runOnlyForDeploymentPostprocessing = 0;
		};
/* End PBXCopyFilesBuildPhase section */

/* Begin PBXFileReference section */
		204C8EB91AFC10E1003A7DDC /* curryfire.xcodeproj */ = {isa = PBXFileReference; lastKnownFileType = "wrapper.pb-project"; name = curryfire.xcodeproj; path = Vendor/curryfire/curryfire.xcodeproj; sourceTree = "<group>"; };
		204C8EC41AFC1117003A7DDC /* pop.xcodeproj */ = {isa = PBXFileReference; lastKnownFileType = "wrapper.pb-project"; name = pop.xcodeproj; path = Vendor/curryfire/Vendor/pop/pop.xcodeproj; sourceTree = "<group>"; };
		204C8ED71AFC111B003A7DDC /* curry.xcodeproj */ = {isa = PBXFileReference; lastKnownFileType = "wrapper.pb-project"; name = curry.xcodeproj; path = Vendor/curryfire/Vendor/curry/curry.xcodeproj; sourceTree = "<group>"; };
		20A6AA8E1A82BA0A00D0E80B /* AssetsLibrary.framework */ = {isa = PBXFileReference; lastKnownFileType = wrapper.framework; name = AssetsLibrary.framework; path = System/Library/Frameworks/AssetsLibrary.framework; sourceTree = SDKROOT; };
		20A6AA901A82BA0F00D0E80B /* CoreGraphics.framework */ = {isa = PBXFileReference; lastKnownFileType = wrapper.framework; name = CoreGraphics.framework; path = System/Library/Frameworks/CoreGraphics.framework; sourceTree = SDKROOT; };
		20A6AA921A82BA1400D0E80B /* Security.framework */ = {isa = PBXFileReference; lastKnownFileType = wrapper.framework; name = Security.framework; path = System/Library/Frameworks/Security.framework; sourceTree = SDKROOT; };
		20A6AA941A82BA1B00D0E80B /* SystemConfiguration.framework */ = {isa = PBXFileReference; lastKnownFileType = wrapper.framework; name = SystemConfiguration.framework; path = System/Library/Frameworks/SystemConfiguration.framework; sourceTree = SDKROOT; };
		20A6AA961A82BA2100D0E80B /* QuickLook.framework */ = {isa = PBXFileReference; lastKnownFileType = wrapper.framework; name = QuickLook.framework; path = System/Library/Frameworks/QuickLook.framework; sourceTree = SDKROOT; };
		20A6AA981A82BA2600D0E80B /* MobileCoreServices.framework */ = {isa = PBXFileReference; lastKnownFileType = wrapper.framework; name = MobileCoreServices.framework; path = System/Library/Frameworks/MobileCoreServices.framework; sourceTree = SDKROOT; };
		20A6AA9A1A82BA2B00D0E80B /* CoreText.framework */ = {isa = PBXFileReference; lastKnownFileType = wrapper.framework; name = CoreText.framework; path = System/Library/Frameworks/CoreText.framework; sourceTree = SDKROOT; };
		20A6AA9C1A82BA3500D0E80B /* QuartzCore.framework */ = {isa = PBXFileReference; lastKnownFileType = wrapper.framework; name = QuartzCore.framework; path = System/Library/Frameworks/QuartzCore.framework; sourceTree = SDKROOT; };
		20A6AA9F1A82BA4700D0E80B /* Foundation.framework */ = {isa = PBXFileReference; lastKnownFileType = wrapper.framework; name = Foundation.framework; path = System/Library/Frameworks/Foundation.framework; sourceTree = SDKROOT; };
		20A6AAA11A82BA4D00D0E80B /* UIKit.framework */ = {isa = PBXFileReference; lastKnownFileType = wrapper.framework; name = UIKit.framework; path = System/Library/Frameworks/UIKit.framework; sourceTree = SDKROOT; };
		20A6AAAA1A82BBD500D0E80B /* buildnumber.xcconfig */ = {isa = PBXFileReference; fileEncoding = 4; lastKnownFileType = text.xcconfig; path = buildnumber.xcconfig; sourceTree = "<group>"; };
		20A6AB3D1A83E2E400D0E80B /* Prefix-Header.h */ = {isa = PBXFileReference; lastKnownFileType = sourcecode.c.h; path = "Prefix-Header.h"; sourceTree = "<group>"; };
		20CCB6A31A828E4F00728BA2 /* Blank.app */ = {isa = PBXFileReference; explicitFileType = wrapper.application; includeInIndex = 0; path = Blank.app; sourceTree = BUILT_PRODUCTS_DIR; };
		20CCB6E91A82B3D700728BA2 /* AppDelegate.swift */ = {isa = PBXFileReference; fileEncoding = 4; lastKnownFileType = sourcecode.swift; path = AppDelegate.swift; sourceTree = "<group>"; };
		20CCB6EB1A82B3D700728BA2 /* Images.xcassets */ = {isa = PBXFileReference; lastKnownFileType = folder.assetcatalog; path = Images.xcassets; sourceTree = "<group>"; };
		20CCB6EC1A82B3D700728BA2 /* Info.plist */ = {isa = PBXFileReference; fileEncoding = 4; lastKnownFileType = text.plist.xml; path = Info.plist; sourceTree = "<group>"; };
		20CCB6ED1A82B3D700728BA2 /* ViewController.swift */ = {isa = PBXFileReference; fileEncoding = 4; lastKnownFileType = sourcecode.swift; path = ViewController.swift; sourceTree = "<group>"; };
		20CCB6F31A82B4BE00728BA2 /* Bridging-Header.h */ = {isa = PBXFileReference; lastKnownFileType = sourcecode.c.h; path = "Bridging-Header.h"; sourceTree = "<group>"; };
		20CCB7001A82B71D00728BA2 /* AViewController.h */ = {isa = PBXFileReference; fileEncoding = 4; lastKnownFileType = sourcecode.c.h; path = AViewController.h; sourceTree = "<group>"; };
		20CCB7011A82B71D00728BA2 /* AViewController.m */ = {isa = PBXFileReference; fileEncoding = 4; lastKnownFileType = sourcecode.c.objc; path = AViewController.m; sourceTree = "<group>"; };
/* End PBXFileReference section */

/* Begin PBXFrameworksBuildPhase section */
		20CCB6A01A828E4F00728BA2 /* Frameworks */ = {
			isa = PBXFrameworksBuildPhase;
			buildActionMask = 2147483647;
			files = (
				204C8EED1AFC1144003A7DDC /* pop.framework in Frameworks */,
				204C8EE41AFC1136003A7DDC /* curry.framework in Frameworks */,
				20A6AAA21A82BA4D00D0E80B /* UIKit.framework in Frameworks */,
				20A6AAA01A82BA4700D0E80B /* Foundation.framework in Frameworks */,
				20A6AA9D1A82BA3500D0E80B /* QuartzCore.framework in Frameworks */,
				20A6AA9B1A82BA2B00D0E80B /* CoreText.framework in Frameworks */,
				20A6AA971A82BA2100D0E80B /* QuickLook.framework in Frameworks */,
				20A6AA951A82BA1B00D0E80B /* SystemConfiguration.framework in Frameworks */,
				20A6AA931A82BA1400D0E80B /* Security.framework in Frameworks */,
				204C8EF11AFC1144003A7DDC /* curryfire.framework in Frameworks */,
				20A6AA911A82BA0F00D0E80B /* CoreGraphics.framework in Frameworks */,
			);
			runOnlyForDeploymentPostprocessing = 0;
		};
/* End PBXFrameworksBuildPhase section */

/* Begin PBXGroup section */
		204C8EBA1AFC10E1003A7DDC /* Products */ = {
			isa = PBXGroup;
			children = (
				204C8EC01AFC10E1003A7DDC /* curryfire.framework */,
				20D3153820E3DA12001DACD8 /* curryfireTV.framework */,
			);
			name = Products;
			sourceTree = "<group>";
		};
		204C8EC51AFC1117003A7DDC /* Products */ = {
			isa = PBXGroup;
			children = (
				204C8ECE1AFC1117003A7DDC /* libpop.a */,
				204C8ED21AFC1117003A7DDC /* pop.framework */,
				204C8ED01AFC1117003A7DDC /* pop.framework */,
				203CEE251C0371FD00DAC065 /* pop.framework */,
				204C8ED41AFC1117003A7DDC /* pop-tests.xctest */,
				204C8ED61AFC1117003A7DDC /* pop-tests.xctest */,
				203CEE271C0371FD00DAC065 /* pop-tests.xctest */,
			);
			name = Products;
			sourceTree = "<group>";
		};
		204C8ED81AFC111B003A7DDC /* Products */ = {
			isa = PBXGroup;
			children = (
				204C8EDD1AFC111B003A7DDC /* curry.framework */,
				204C8EDF1AFC111B003A7DDC /* curryTests.xctest */,
				203CEE181C0371FD00DAC065 /* curryTV.framework */,
				203CEE1A1C0371FD00DAC065 /* curryWatch.framework */,
				203CEE1C1C0371FD00DAC065 /* curryMac.framework */,
			);
			name = Products;
			sourceTree = "<group>";
		};
		20A6AA9E1A82BA3A00D0E80B /* Frameworks */ = {
			isa = PBXGroup;
			children = (
				20A6AAA11A82BA4D00D0E80B /* UIKit.framework */,
				20A6AA9F1A82BA4700D0E80B /* Foundation.framework */,
				20A6AA9C1A82BA3500D0E80B /* QuartzCore.framework */,
				20A6AA9A1A82BA2B00D0E80B /* CoreText.framework */,
				20A6AA981A82BA2600D0E80B /* MobileCoreServices.framework */,
				20A6AA961A82BA2100D0E80B /* QuickLook.framework */,
				20A6AA941A82BA1B00D0E80B /* SystemConfiguration.framework */,
				20A6AA921A82BA1400D0E80B /* Security.framework */,
				20A6AA901A82BA0F00D0E80B /* CoreGraphics.framework */,
				20A6AA8E1A82BA0A00D0E80B /* AssetsLibrary.framework */,
			);
			name = Frameworks;
			sourceTree = "<group>";
		};
		20CCB69A1A828E4F00728BA2 = {
			isa = PBXGroup;
			children = (
				20CCB6E81A82B3D700728BA2 /* Source */,
				20CCB6DE1A82950100728BA2 /* Vendor */,
				20A6AA9E1A82BA3A00D0E80B /* Frameworks */,
				20CCB6A41A828E4F00728BA2 /* Products */,
			);
			sourceTree = "<group>";
		};
		20CCB6A41A828E4F00728BA2 /* Products */ = {
			isa = PBXGroup;
			children = (
				20CCB6A31A828E4F00728BA2 /* Blank.app */,
			);
			name = Products;
			sourceTree = "<group>";
		};
		20CCB6DE1A82950100728BA2 /* Vendor */ = {
			isa = PBXGroup;
			children = (
				204C8ED71AFC111B003A7DDC /* curry.xcodeproj */,
				204C8EC41AFC1117003A7DDC /* pop.xcodeproj */,
				204C8EB91AFC10E1003A7DDC /* curryfire.xcodeproj */,
			);
			name = Vendor;
			sourceTree = "<group>";
		};
		20CCB6E81A82B3D700728BA2 /* Source */ = {
			isa = PBXGroup;
			children = (
				20CCB6E91A82B3D700728BA2 /* AppDelegate.swift */,
				20CCB6ED1A82B3D700728BA2 /* ViewController.swift */,
				20CCB7001A82B71D00728BA2 /* AViewController.h */,
				20CCB7011A82B71D00728BA2 /* AViewController.m */,
				20CCB6F21A82B3E600728BA2 /* Supporting Files */,
			);
			path = Source;
			sourceTree = "<group>";
		};
		20CCB6F21A82B3E600728BA2 /* Supporting Files */ = {
			isa = PBXGroup;
			children = (
				20A6AAAA1A82BBD500D0E80B /* buildnumber.xcconfig */,
				20CCB6EB1A82B3D700728BA2 /* Images.xcassets */,
				20CCB6F31A82B4BE00728BA2 /* Bridging-Header.h */,
				20A6AB3D1A83E2E400D0E80B /* Prefix-Header.h */,
				20CCB6EC1A82B3D700728BA2 /* Info.plist */,
			);
			name = "Supporting Files";
			sourceTree = "<group>";
		};
/* End PBXGroup section */

/* Begin PBXNativeTarget section */
		20CCB6A21A828E4F00728BA2 /* Blank */ = {
			isa = PBXNativeTarget;
			buildConfigurationList = 20CCB6C21A828E4F00728BA2 /* Build configuration list for PBXNativeTarget "Blank" */;
			buildPhases = (
				20CCB69F1A828E4F00728BA2 /* Sources */,
				20CCB6A01A828E4F00728BA2 /* Frameworks */,
				20CCB6A11A828E4F00728BA2 /* Resources */,
				20A6AA7D1A82B9A400D0E80B /* ShellScript */,
				20A6AAA91A82BB9A00D0E80B /* ShellScript */,
				204C8EE81AFC1136003A7DDC /* Embed Frameworks */,
			);
			buildRules = (
			);
			dependencies = (
				204C8EE71AFC1136003A7DDC /* PBXTargetDependency */,
				204C8EF01AFC1144003A7DDC /* PBXTargetDependency */,
				204C8EF41AFC1144003A7DDC /* PBXTargetDependency */,
			);
			name = Blank;
			productName = Blank;
			productReference = 20CCB6A31A828E4F00728BA2 /* Blank.app */;
			productType = "com.apple.product-type.application";
		};
/* End PBXNativeTarget section */

/* Begin PBXProject section */
		20CCB69B1A828E4F00728BA2 /* Project object */ = {
			isa = PBXProject;
			attributes = {
				LastSwiftUpdateCheck = 0710;
				LastUpgradeCheck = 1250;
				TargetAttributes = {
					20CCB6A21A828E4F00728BA2 = {
						CreatedOnToolsVersion = 6.1.1;
						LastSwiftMigration = 1020;
					};
				};
			};
			buildConfigurationList = 20CCB69E1A828E4F00728BA2 /* Build configuration list for PBXProject "Blank" */;
			compatibilityVersion = "Xcode 3.2";
			developmentRegion = en;
			hasScannedForEncodings = 0;
			knownRegions = (
				en,
				Base,
			);
			mainGroup = 20CCB69A1A828E4F00728BA2;
			productRefGroup = 20CCB6A41A828E4F00728BA2 /* Products */;
			projectDirPath = "";
			projectReferences = (
				{
					ProductGroup = 204C8ED81AFC111B003A7DDC /* Products */;
					ProjectRef = 204C8ED71AFC111B003A7DDC /* curry.xcodeproj */;
				},
				{
					ProductGroup = 204C8EBA1AFC10E1003A7DDC /* Products */;
					ProjectRef = 204C8EB91AFC10E1003A7DDC /* curryfire.xcodeproj */;
				},
				{
					ProductGroup = 204C8EC51AFC1117003A7DDC /* Products */;
					ProjectRef = 204C8EC41AFC1117003A7DDC /* pop.xcodeproj */;
				},
			);
			projectRoot = "";
			targets = (
				20CCB6A21A828E4F00728BA2 /* Blank */,
			);
		};
/* End PBXProject section */

/* Begin PBXReferenceProxy section */
		203CEE181C0371FD00DAC065 /* curryTV.framework */ = {
			isa = PBXReferenceProxy;
			fileType = wrapper.framework;
			path = curryTV.framework;
			remoteRef = 203CEE171C0371FD00DAC065 /* PBXContainerItemProxy */;
			sourceTree = BUILT_PRODUCTS_DIR;
		};
		203CEE1A1C0371FD00DAC065 /* curryWatch.framework */ = {
			isa = PBXReferenceProxy;
			fileType = wrapper.framework;
			path = curryWatch.framework;
			remoteRef = 203CEE191C0371FD00DAC065 /* PBXContainerItemProxy */;
			sourceTree = BUILT_PRODUCTS_DIR;
		};
		203CEE1C1C0371FD00DAC065 /* curryMac.framework */ = {
			isa = PBXReferenceProxy;
			fileType = wrapper.framework;
			path = curryMac.framework;
			remoteRef = 203CEE1B1C0371FD00DAC065 /* PBXContainerItemProxy */;
			sourceTree = BUILT_PRODUCTS_DIR;
		};
		203CEE251C0371FD00DAC065 /* pop.framework */ = {
			isa = PBXReferenceProxy;
			fileType = wrapper.framework;
			path = pop.framework;
			remoteRef = 203CEE241C0371FD00DAC065 /* PBXContainerItemProxy */;
			sourceTree = BUILT_PRODUCTS_DIR;
		};
		203CEE271C0371FD00DAC065 /* pop-tests.xctest */ = {
			isa = PBXReferenceProxy;
			fileType = wrapper.cfbundle;
			path = "pop-tests.xctest";
			remoteRef = 203CEE261C0371FD00DAC065 /* PBXContainerItemProxy */;
			sourceTree = BUILT_PRODUCTS_DIR;
		};
		204C8EC01AFC10E1003A7DDC /* curryfire.framework */ = {
			isa = PBXReferenceProxy;
			fileType = wrapper.framework;
			path = curryfire.framework;
			remoteRef = 204C8EBF1AFC10E1003A7DDC /* PBXContainerItemProxy */;
			sourceTree = BUILT_PRODUCTS_DIR;
		};
		204C8ECE1AFC1117003A7DDC /* libpop.a */ = {
			isa = PBXReferenceProxy;
			fileType = archive.ar;
			path = libpop.a;
			remoteRef = 204C8ECD1AFC1117003A7DDC /* PBXContainerItemProxy */;
			sourceTree = BUILT_PRODUCTS_DIR;
		};
		204C8ED01AFC1117003A7DDC /* pop.framework */ = {
			isa = PBXReferenceProxy;
			fileType = wrapper.framework;
			path = pop.framework;
			remoteRef = 204C8ECF1AFC1117003A7DDC /* PBXContainerItemProxy */;
			sourceTree = BUILT_PRODUCTS_DIR;
		};
		204C8ED21AFC1117003A7DDC /* pop.framework */ = {
			isa = PBXReferenceProxy;
			fileType = wrapper.framework;
			path = pop.framework;
			remoteRef = 204C8ED11AFC1117003A7DDC /* PBXContainerItemProxy */;
			sourceTree = BUILT_PRODUCTS_DIR;
		};
		204C8ED41AFC1117003A7DDC /* pop-tests.xctest */ = {
			isa = PBXReferenceProxy;
			fileType = wrapper.cfbundle;
			path = "pop-tests.xctest";
			remoteRef = 204C8ED31AFC1117003A7DDC /* PBXContainerItemProxy */;
			sourceTree = BUILT_PRODUCTS_DIR;
		};
		204C8ED61AFC1117003A7DDC /* pop-tests.xctest */ = {
			isa = PBXReferenceProxy;
			fileType = wrapper.cfbundle;
			path = "pop-tests.xctest";
			remoteRef = 204C8ED51AFC1117003A7DDC /* PBXContainerItemProxy */;
			sourceTree = BUILT_PRODUCTS_DIR;
		};
		204C8EDD1AFC111B003A7DDC /* curry.framework */ = {
			isa = PBXReferenceProxy;
			fileType = wrapper.framework;
			path = curry.framework;
			remoteRef = 204C8EDC1AFC111B003A7DDC /* PBXContainerItemProxy */;
			sourceTree = BUILT_PRODUCTS_DIR;
		};
		204C8EDF1AFC111B003A7DDC /* curryTests.xctest */ = {
			isa = PBXReferenceProxy;
			fileType = wrapper.cfbundle;
			path = curryTests.xctest;
			remoteRef = 204C8EDE1AFC111B003A7DDC /* PBXContainerItemProxy */;
			sourceTree = BUILT_PRODUCTS_DIR;
		};
		20D3153820E3DA12001DACD8 /* curryfireTV.framework */ = {
			isa = PBXReferenceProxy;
			fileType = wrapper.framework;
			path = curryfireTV.framework;
			remoteRef = 20D3153720E3DA12001DACD8 /* PBXContainerItemProxy */;
			sourceTree = BUILT_PRODUCTS_DIR;
		};
/* End PBXReferenceProxy section */

/* Begin PBXResourcesBuildPhase section */
		20CCB6A11A828E4F00728BA2 /* Resources */ = {
			isa = PBXResourcesBuildPhase;
			buildActionMask = 2147483647;
			files = (
				20CCB6EF1A82B3D700728BA2 /* Images.xcassets in Resources */,
			);
			runOnlyForDeploymentPostprocessing = 0;
		};
/* End PBXResourcesBuildPhase section */

/* Begin PBXShellScriptBuildPhase section */
		20A6AA7D1A82B9A400D0E80B /* ShellScript */ = {
			isa = PBXShellScriptBuildPhase;
			buildActionMask = 2147483647;
			files = (
			);
			inputPaths = (
			);
			outputPaths = (
			);
			runOnlyForDeploymentPostprocessing = 0;
			shellPath = /bin/sh;
			shellScript = "FILE=\"${SRCROOT}/HockeySDK-iOS/BuildAgent\"\nif [ -f \"$FILE\" ]; then\n\"$FILE\"\nfi";
		};
		20A6AAA91A82BB9A00D0E80B /* ShellScript */ = {
			isa = PBXShellScriptBuildPhase;
			buildActionMask = 2147483647;
			files = (
			);
			inputPaths = (
			);
			outputPaths = (
			);
			runOnlyForDeploymentPostprocessing = 0;
			shellPath = /bin/sh;
			shellScript = "if [ \"$CONFIGURATION\" == \"Release\" ] || [ \"$CONFIGURATION\" == \"AppStore\" ]\nthen /usr/bin/perl -pe 's/(BUILD_NUMBER = )(\\d+)/$1.($2+1)/eg' -i ${SRCROOT}/Source/buildnumber.xcconfig\nfi";
		};
/* End PBXShellScriptBuildPhase section */

/* Begin PBXSourcesBuildPhase section */
		20CCB69F1A828E4F00728BA2 /* Sources */ = {
			isa = PBXSourcesBuildPhase;
			buildActionMask = 2147483647;
			files = (
				20CCB7021A82B71D00728BA2 /* AViewController.m in Sources */,
				20CCB6F11A82B3D700728BA2 /* ViewController.swift in Sources */,
				20CCB6EE1A82B3D700728BA2 /* AppDelegate.swift in Sources */,
			);
			runOnlyForDeploymentPostprocessing = 0;
		};
/* End PBXSourcesBuildPhase section */

/* Begin PBXTargetDependency section */
		204C8EE71AFC1136003A7DDC /* PBXTargetDependency */ = {
			isa = PBXTargetDependency;
			name = curry;
			targetProxy = 204C8EE61AFC1136003A7DDC /* PBXContainerItemProxy */;
		};
		204C8EF01AFC1144003A7DDC /* PBXTargetDependency */ = {
			isa = PBXTargetDependency;
			name = "pop-embedded";
			targetProxy = 204C8EEF1AFC1144003A7DDC /* PBXContainerItemProxy */;
		};
		204C8EF41AFC1144003A7DDC /* PBXTargetDependency */ = {
			isa = PBXTargetDependency;
			name = curryfire;
			targetProxy = 204C8EF31AFC1144003A7DDC /* PBXContainerItemProxy */;
		};
/* End PBXTargetDependency section */

/* Begin XCBuildConfiguration section */
		20CCB6C01A828E4F00728BA2 /* Debug */ = {
			isa = XCBuildConfiguration;
			buildSettings = {
				ALWAYS_SEARCH_USER_PATHS = NO;
				CLANG_ANALYZER_LOCALIZABILITY_NONLOCALIZED = YES;
				CLANG_CXX_LANGUAGE_STANDARD = "gnu++0x";
				CLANG_CXX_LIBRARY = "libc++";
				CLANG_ENABLE_MODULES = YES;
				CLANG_ENABLE_OBJC_ARC = YES;
				CLANG_WARN_BLOCK_CAPTURE_AUTORELEASING = YES;
				CLANG_WARN_BOOL_CONVERSION = YES;
				CLANG_WARN_COMMA = YES;
				CLANG_WARN_CONSTANT_CONVERSION = YES;
				CLANG_WARN_DEPRECATED_OBJC_IMPLEMENTATIONS = YES;
				CLANG_WARN_DIRECT_OBJC_ISA_USAGE = YES_ERROR;
				CLANG_WARN_EMPTY_BODY = YES;
				CLANG_WARN_ENUM_CONVERSION = YES;
				CLANG_WARN_INFINITE_RECURSION = YES;
				CLANG_WARN_INT_CONVERSION = YES;
				CLANG_WARN_NON_LITERAL_NULL_CONVERSION = YES;
				CLANG_WARN_OBJC_IMPLICIT_RETAIN_SELF = YES;
				CLANG_WARN_OBJC_LITERAL_CONVERSION = YES;
				CLANG_WARN_OBJC_ROOT_CLASS = YES_ERROR;
				CLANG_WARN_QUOTED_INCLUDE_IN_FRAMEWORK_HEADER = YES;
				CLANG_WARN_RANGE_LOOP_ANALYSIS = YES;
				CLANG_WARN_STRICT_PROTOTYPES = YES;
				CLANG_WARN_SUSPICIOUS_MOVE = YES;
				CLANG_WARN_UNREACHABLE_CODE = YES;
				CLANG_WARN__DUPLICATE_METHOD_MATCH = YES;
				"CODE_SIGN_IDENTITY[sdk=iphoneos*]" = "iPhone Developer";
				COPY_PHASE_STRIP = NO;
				ENABLE_STRICT_OBJC_MSGSEND = YES;
				ENABLE_TESTABILITY = YES;
				GCC_C_LANGUAGE_STANDARD = gnu99;
				GCC_DYNAMIC_NO_PIC = NO;
				GCC_NO_COMMON_BLOCKS = YES;
				GCC_OPTIMIZATION_LEVEL = 0;
				GCC_PREPROCESSOR_DEFINITIONS = (
					"DEBUG=1",
					"$(inherited)",
				);
				GCC_SYMBOLS_PRIVATE_EXTERN = NO;
				GCC_WARN_64_TO_32_BIT_CONVERSION = YES;
				GCC_WARN_ABOUT_RETURN_TYPE = YES_ERROR;
				GCC_WARN_UNDECLARED_SELECTOR = YES;
				GCC_WARN_UNINITIALIZED_AUTOS = YES_AGGRESSIVE;
				GCC_WARN_UNUSED_FUNCTION = YES;
				GCC_WARN_UNUSED_VARIABLE = YES;
				IPHONEOS_DEPLOYMENT_TARGET = 12.0;
				MTL_ENABLE_DEBUG_INFO = YES;
				ONLY_ACTIVE_ARCH = YES;
				SDKROOT = iphoneos;
				SWIFT_OPTIMIZATION_LEVEL = "-Onone";
			};
			name = Debug;
		};
		20CCB6C11A828E4F00728BA2 /* Release */ = {
			isa = XCBuildConfiguration;
			buildSettings = {
				ALWAYS_SEARCH_USER_PATHS = NO;
				CLANG_ANALYZER_LOCALIZABILITY_NONLOCALIZED = YES;
				CLANG_CXX_LANGUAGE_STANDARD = "gnu++0x";
				CLANG_CXX_LIBRARY = "libc++";
				CLANG_ENABLE_MODULES = YES;
				CLANG_ENABLE_OBJC_ARC = YES;
				CLANG_WARN_BLOCK_CAPTURE_AUTORELEASING = YES;
				CLANG_WARN_BOOL_CONVERSION = YES;
				CLANG_WARN_COMMA = YES;
				CLANG_WARN_CONSTANT_CONVERSION = YES;
				CLANG_WARN_DEPRECATED_OBJC_IMPLEMENTATIONS = YES;
				CLANG_WARN_DIRECT_OBJC_ISA_USAGE = YES_ERROR;
				CLANG_WARN_EMPTY_BODY = YES;
				CLANG_WARN_ENUM_CONVERSION = YES;
				CLANG_WARN_INFINITE_RECURSION = YES;
				CLANG_WARN_INT_CONVERSION = YES;
				CLANG_WARN_NON_LITERAL_NULL_CONVERSION = YES;
				CLANG_WARN_OBJC_IMPLICIT_RETAIN_SELF = YES;
				CLANG_WARN_OBJC_LITERAL_CONVERSION = YES;
				CLANG_WARN_OBJC_ROOT_CLASS = YES_ERROR;
				CLANG_WARN_QUOTED_INCLUDE_IN_FRAMEWORK_HEADER = YES;
				CLANG_WARN_RANGE_LOOP_ANALYSIS = YES;
				CLANG_WARN_STRICT_PROTOTYPES = YES;
				CLANG_WARN_SUSPICIOUS_MOVE = YES;
				CLANG_WARN_UNREACHABLE_CODE = YES;
				CLANG_WARN__DUPLICATE_METHOD_MATCH = YES;
				"CODE_SIGN_IDENTITY[sdk=iphoneos*]" = "iPhone Developer";
				COPY_PHASE_STRIP = YES;
				ENABLE_NS_ASSERTIONS = NO;
				ENABLE_STRICT_OBJC_MSGSEND = YES;
				GCC_C_LANGUAGE_STANDARD = gnu99;
				GCC_NO_COMMON_BLOCKS = YES;
				GCC_WARN_64_TO_32_BIT_CONVERSION = YES;
				GCC_WARN_ABOUT_RETURN_TYPE = YES_ERROR;
				GCC_WARN_UNDECLARED_SELECTOR = YES;
				GCC_WARN_UNINITIALIZED_AUTOS = YES_AGGRESSIVE;
				GCC_WARN_UNUSED_FUNCTION = YES;
				GCC_WARN_UNUSED_VARIABLE = YES;
				IPHONEOS_DEPLOYMENT_TARGET = 12.0;
				MTL_ENABLE_DEBUG_INFO = NO;
				SDKROOT = iphoneos;
				SWIFT_COMPILATION_MODE = wholemodule;
				VALIDATE_PRODUCT = YES;
			};
			name = Release;
		};
		20CCB6C31A828E4F00728BA2 /* Debug */ = {
			isa = XCBuildConfiguration;
			buildSettings = {
				ASSETCATALOG_COMPILER_APPICON_NAME = AppIcon;
				ASSETCATALOG_COMPILER_LAUNCHIMAGE_NAME = LaunchImage;
				FRAMEWORK_SEARCH_PATHS = "";
				GCC_PREFIX_HEADER = "Source/Prefix-Header.h";
				HEADER_SEARCH_PATHS = "";
				INFOPLIST_FILE = Source/Info.plist;
				IPHONEOS_DEPLOYMENT_TARGET = 12.0;
				LD_RUNPATH_SEARCH_PATHS = "$(inherited) @executable_path/Frameworks";
				LIBRARY_SEARCH_PATHS = "";
				OTHER_LDFLAGS = (
					"-ObjC",
					"-all_load",
				);
				OTHER_SWIFT_FLAGS = "-D DEBUG";
				PRODUCT_BUNDLE_IDENTIFIER = "com.blank.$(PRODUCT_NAME:rfc1034identifier)";
				PRODUCT_NAME = "$(TARGET_NAME)";
				SWIFT_OBJC_BRIDGING_HEADER = "Source/Bridging-Header.h";
				SWIFT_VERSION = 5.0;
			};
			name = Debug;
		};
		20CCB6C41A828E4F00728BA2 /* Release */ = {
			isa = XCBuildConfiguration;
			baseConfigurationReference = 20A6AAAA1A82BBD500D0E80B /* buildnumber.xcconfig */;
			buildSettings = {
				ASSETCATALOG_COMPILER_APPICON_NAME = AppIcon;
				ASSETCATALOG_COMPILER_LAUNCHIMAGE_NAME = LaunchImage;
				FRAMEWORK_SEARCH_PATHS = "";
				GCC_PREFIX_HEADER = "Source/Prefix-Header.h";
				HEADER_SEARCH_PATHS = "";
				INFOPLIST_FILE = Source/Info.plist;
				IPHONEOS_DEPLOYMENT_TARGET = 12.0;
				LD_RUNPATH_SEARCH_PATHS = "$(inherited) @executable_path/Frameworks";
				LIBRARY_SEARCH_PATHS = "";
				OTHER_LDFLAGS = (
					"-ObjC",
					"-all_load",
				);
				OTHER_SWIFT_FLAGS = "-D RELEASE";
				PRODUCT_BUNDLE_IDENTIFIER = "com.blank.$(PRODUCT_NAME:rfc1034identifier)";
				PRODUCT_NAME = "$(TARGET_NAME)";
				SWIFT_OBJC_BRIDGING_HEADER = "Source/Bridging-Header.h";
				SWIFT_VERSION = 5.0;
			};
			name = Release;
		};
/* End XCBuildConfiguration section */

/* Begin XCConfigurationList section */
		20CCB69E1A828E4F00728BA2 /* Build configuration list for PBXProject "Blank" */ = {
			isa = XCConfigurationList;
			buildConfigurations = (
				20CCB6C01A828E4F00728BA2 /* Debug */,
				20CCB6C11A828E4F00728BA2 /* Release */,
			);
			defaultConfigurationIsVisible = 0;
			defaultConfigurationName = Release;
		};
		20CCB6C21A828E4F00728BA2 /* Build configuration list for PBXNativeTarget "Blank" */ = {
			isa = XCConfigurationList;
			buildConfigurations = (
				20CCB6C31A828E4F00728BA2 /* Debug */,
				20CCB6C41A828E4F00728BA2 /* Release */,
			);
			defaultConfigurationIsVisible = 0;
			defaultConfigurationName = Release;
		};
/* End XCConfigurationList section */
	};
	rootObject = 20CCB69B1A828E4F00728BA2 /* Project object */;
}
